
Microsoft Visual Studio Solution File, Format Version 12.00
# Visual Studio Version 16
VisualStudioVersion = 16.0.33529.622
MinimumVisualStudioVersion = 10.0.40219.1
Project("{FAE04EC0-301F-11D3-BF4B-00C04F79EFBC}") = "SCOVStudy", "CazStudy\SCOVStudy.csproj", "{128EF68A-940B-45BB-B1FD-085569D01491}"
EndProject
Global
	GlobalSection(SolutionConfigurationPlatforms) = preSolution
		Debug|Any CPU = Debug|Any CPU
		Release|Any CPU = Release|Any CPU
	EndGlobalSection
	GlobalSection(ProjectConfigurationPlatforms) = postSolution
		{128EF68A-940B-45BB-B1FD-085569D01491}.Debug|Any CPU.ActiveCfg = Debug|Any CPU
		{128EF68A-940B-45BB-B1FD-085569D01491}.Debug|Any CPU.Build.0 = Debug|Any CPU
		{128EF68A-940B-45BB-B1FD-085569D01491}.Release|Any CPU.ActiveCfg = Release|Any CPU
		{128EF68A-940B-45BB-B1FD-085569D01491}.Release|Any CPU.Build.0 = Release|Any CPU
	EndGlobalSection
	GlobalSection(SolutionProperties) = preSolution
		HideSolutionNode = FALSE
	EndGlobalSection
	GlobalSection(ExtensibilityGlobals) = postSolution
		SolutionGuid = {AC969C7D-8587-482A-96E9-F4BC7E9BB921}
	EndGlobalSection
EndGlobal
